
Microsoft Visual Studio Solution File, Format Version 12.00
# Visual Studio Version 16
VisualStudioVersion = 16.0.30907.101
MinimumVisualStudioVersion = 10.0.40219.1
Project("{8BC9CEB8-8B4A-11D0-8D11-00A0C91BC942}") = "ayy9672_hw8_q2", "ayy9672_hw8_q2\ayy9672_hw8_q2.vcxproj", "{34EDF439-FBD2-4CBE-9946-8A5A996A0658}"
EndProject
Global
	GlobalSection(SolutionConfigurationPlatforms) = preSolution
		Debug|x64 = Debug|x64
		Debug|x86 = Debug|x86
		Release|x64 = Release|x64
		Release|x86 = Release|x86
	EndGlobalSection
	GlobalSection(ProjectConfigurationPlatforms) = postSolution
		{34EDF439-FBD2-4CBE-9946-8A5A996A0658}.Debug|x64.ActiveCfg = Debug|x64
		{34EDF439-FBD2-4CBE-9946-8A5A996A0658}.Debug|x64.Build.0 = Debug|x64
		{34EDF439-FBD2-4CBE-9946-8A5A996A0658}.Debug|x86.ActiveCfg = Debug|Win32
		{34EDF439-FBD2-4CBE-9946-8A5A996A0658}.Debug|x86.Build.0 = Debug|Win32
		{34EDF439-FBD2-4CBE-9946-8A5A996A0658}.Release|x64.ActiveCfg = Release|x64
		{34EDF439-FBD2-4CBE-9946-8A5A996A0658}.Release|x64.Build.0 = Release|x64
		{34EDF439-FBD2-4CBE-9946-8A5A996A0658}.Release|x86.ActiveCfg = Release|Win32
		{34EDF439-FBD2-4CBE-9946-8A5A996A0658}.Release|x86.Build.0 = Release|Win32
	EndGlobalSection
	GlobalSection(SolutionProperties) = preSolution
		HideSolutionNode = FALSE
	EndGlobalSection
	GlobalSection(ExtensibilityGlobals) = postSolution
		SolutionGuid = {0014CB3F-86AD-4223-A473-9A25C04B2036}
	EndGlobalSection
EndGlobal
